// !$*UTF8*$!
{
	archiveVersion = 1;
	classes = {
	};
	objectVersion = 50;
	objects = {

/* Begin PBXBuildFile section */
		016A7ACC228CF0DF00C32002 /* AppDelegate.swift in Sources */ = {isa = PBXBuildFile; fileRef = 016A7ACB228CF0DF00C32002 /* AppDelegate.swift */; };
		016A7AD1228CF0DF00C32002 /* Main.storyboard in Resources */ = {isa = PBXBuildFile; fileRef = 016A7ACF228CF0DF00C32002 /* Main.storyboard */; };
		016A7AD4228CF0DF00C32002 /* genius.xcdatamodeld in Sources */ = {isa = PBXBuildFile; fileRef = 016A7AD2228CF0DF00C32002 /* genius.xcdatamodeld */; };
		016A7AD6228CF0E700C32002 /* Assets.xcassets in Resources */ = {isa = PBXBuildFile; fileRef = 016A7AD5228CF0E700C32002 /* Assets.xcassets */; };
		016A7AD9228CF0E700C32002 /* LaunchScreen.storyboard in Resources */ = {isa = PBXBuildFile; fileRef = 016A7AD7228CF0E700C32002 /* LaunchScreen.storyboard */; };
		016A7AE4228CF0E700C32002 /* geniusTests.swift in Sources */ = {isa = PBXBuildFile; fileRef = 016A7AE3228CF0E700C32002 /* geniusTests.swift */; };
		016A7AEF228CF0E700C32002 /* geniusUITests.swift in Sources */ = {isa = PBXBuildFile; fileRef = 016A7AEE228CF0E700C32002 /* geniusUITests.swift */; };
		016A7AFD228CF2F200C32002 /* requestViewController.swift in Sources */ = {isa = PBXBuildFile; fileRef = 016A7AFC228CF2F200C32002 /* requestViewController.swift */; };
/* End PBXBuildFile section */

/* Begin PBXContainerItemProxy section */
		016A7AE0228CF0E700C32002 /* PBXContainerItemProxy */ = {
			isa = PBXContainerItemProxy;
			containerPortal = 016A7AC0228CF0DF00C32002 /* Project object */;
			proxyType = 1;
			remoteGlobalIDString = 016A7AC7228CF0DF00C32002;
			remoteInfo = genius;
		};
		016A7AEB228CF0E700C32002 /* PBXContainerItemProxy */ = {
			isa = PBXContainerItemProxy;
			containerPortal = 016A7AC0228CF0DF00C32002 /* Project object */;
			proxyType = 1;
			remoteGlobalIDString = 016A7AC7228CF0DF00C32002;
			remoteInfo = genius;
		};
/* End PBXContainerItemProxy section */

/* Begin PBXFileReference section */
		016A7AC8228CF0DF00C32002 /* genius.app */ = {isa = PBXFileReference; explicitFileType = wrapper.application; includeInIndex = 0; path = genius.app; sourceTree = BUILT_PRODUCTS_DIR; };
		016A7ACB228CF0DF00C32002 /* AppDelegate.swift */ = {isa = PBXFileReference; lastKnownFileType = sourcecode.swift; path = AppDelegate.swift; sourceTree = "<group>"; };
		016A7AD0228CF0DF00C32002 /* Base */ = {isa = PBXFileReference; lastKnownFileType = file.storyboard; name = Base; path = Base.lproj/Main.storyboard; sourceTree = "<group>"; };
		016A7AD3228CF0DF00C32002 /* genius.xcdatamodel */ = {isa = PBXFileReference; lastKnownFileType = wrapper.xcdatamodel; path = genius.xcdatamodel; sourceTree = "<group>"; };
		016A7AD5228CF0E700C32002 /* Assets.xcassets */ = {isa = PBXFileReference; lastKnownFileType = folder.assetcatalog; path = Assets.xcassets; sourceTree = "<group>"; };
		016A7AD8228CF0E700C32002 /* Base */ = {isa = PBXFileReference; lastKnownFileType = file.storyboard; name = Base; path = Base.lproj/LaunchScreen.storyboard; sourceTree = "<group>"; };
		016A7ADA228CF0E700C32002 /* Info.plist */ = {isa = PBXFileReference; lastKnownFileType = text.plist.xml; path = Info.plist; sourceTree = "<group>"; };
		016A7ADF228CF0E700C32002 /* geniusTests.xctest */ = {isa = PBXFileReference; explicitFileType = wrapper.cfbundle; includeInIndex = 0; path = geniusTests.xctest; sourceTree = BUILT_PRODUCTS_DIR; };
		016A7AE3228CF0E700C32002 /* geniusTests.swift */ = {isa = PBXFileReference; lastKnownFileType = sourcecode.swift; path = geniusTests.swift; sourceTree = "<group>"; };
		016A7AE5228CF0E700C32002 /* Info.plist */ = {isa = PBXFileReference; lastKnownFileType = text.plist.xml; path = Info.plist; sourceTree = "<group>"; };
		016A7AEA228CF0E700C32002 /* geniusUITests.xctest */ = {isa = PBXFileReference; explicitFileType = wrapper.cfbundle; includeInIndex = 0; path = geniusUITests.xctest; sourceTree = BUILT_PRODUCTS_DIR; };
		016A7AEE228CF0E700C32002 /* geniusUITests.swift */ = {isa = PBXFileReference; lastKnownFileType = sourcecode.swift; path = geniusUITests.swift; sourceTree = "<group>"; };
		016A7AF0228CF0E700C32002 /* Info.plist */ = {isa = PBXFileReference; lastKnownFileType = text.plist.xml; path = Info.plist; sourceTree = "<group>"; };
		016A7AFC228CF2F200C32002 /* requestViewController.swift */ = {isa = PBXFileReference; lastKnownFileType = sourcecode.swift; path = requestViewController.swift; sourceTree = "<group>"; };
/* End PBXFileReference section */

/* Begin PBXFrameworksBuildPhase section */
		016A7AC5228CF0DF00C32002 /* Frameworks */ = {
			isa = PBXFrameworksBuildPhase;
			buildActionMask = 2147483647;
			files = (
			);
			runOnlyForDeploymentPostprocessing = 0;
		};
		016A7ADC228CF0E700C32002 /* Frameworks */ = {
			isa = PBXFrameworksBuildPhase;
			buildActionMask = 2147483647;
			files = (
			);
			runOnlyForDeploymentPostprocessing = 0;
		};
		016A7AE7228CF0E700C32002 /* Frameworks */ = {
			isa = PBXFrameworksBuildPhase;
			buildActionMask = 2147483647;
			files = (
			);
			runOnlyForDeploymentPostprocessing = 0;
		};
/* End PBXFrameworksBuildPhase section */

/* Begin PBXGroup section */
		016A7ABF228CF0DF00C32002 = {
			isa = PBXGroup;
			children = (
				016A7ACA228CF0DF00C32002 /* genius */,
				016A7AE2228CF0E700C32002 /* geniusTests */,
				016A7AED228CF0E700C32002 /* geniusUITests */,
				016A7AC9228CF0DF00C32002 /* Products */,
			);
			sourceTree = "<group>";
		};
		016A7AC9228CF0DF00C32002 /* Products */ = {
			isa = PBXGroup;
			children = (
				016A7AC8228CF0DF00C32002 /* genius.app */,
				016A7ADF228CF0E700C32002 /* geniusTests.xctest */,
				016A7AEA228CF0E700C32002 /* geniusUITests.xctest */,
			);
			name = Products;
			sourceTree = "<group>";
		};
		016A7ACA228CF0DF00C32002 /* genius */ = {
			isa = PBXGroup;
			children = (
				016A7ACB228CF0DF00C32002 /* AppDelegate.swift */,
				016A7AFC228CF2F200C32002 /* requestViewController.swift */,
				016A7ACF228CF0DF00C32002 /* Main.storyboard */,
				016A7AD5228CF0E700C32002 /* Assets.xcassets */,
				016A7AD7228CF0E700C32002 /* LaunchScreen.storyboard */,
				016A7ADA228CF0E700C32002 /* Info.plist */,
				016A7AD2228CF0DF00C32002 /* genius.xcdatamodeld */,
			);
			path = genius;
			sourceTree = "<group>";
		};
		016A7AE2228CF0E700C32002 /* geniusTests */ = {
			isa = PBXGroup;
			children = (
				016A7AE3228CF0E700C32002 /* geniusTests.swift */,
				016A7AE5228CF0E700C32002 /* Info.plist */,
			);
			path = geniusTests;
			sourceTree = "<group>";
		};
		016A7AED228CF0E700C32002 /* geniusUITests */ = {
			isa = PBXGroup;
			children = (
				016A7AEE228CF0E700C32002 /* geniusUITests.swift */,
				016A7AF0228CF0E700C32002 /* Info.plist */,
			);
			path = geniusUITests;
			sourceTree = "<group>";
		};
/* End PBXGroup section */

/* Begin PBXNativeTarget section */
		016A7AC7228CF0DF00C32002 /* genius */ = {
			isa = PBXNativeTarget;
			buildConfigurationList = 016A7AF3228CF0E700C32002 /* Build configuration list for PBXNativeTarget "genius" */;
			buildPhases = (
				016A7AC4228CF0DF00C32002 /* Sources */,
				016A7AC5228CF0DF00C32002 /* Frameworks */,
				016A7AC6228CF0DF00C32002 /* Resources */,
			);
			buildRules = (
			);
			dependencies = (
			);
			name = genius;
			productName = genius;
			productReference = 016A7AC8228CF0DF00C32002 /* genius.app */;
			productType = "com.apple.product-type.application";
		};
		016A7ADE228CF0E700C32002 /* geniusTests */ = {
			isa = PBXNativeTarget;
			buildConfigurationList = 016A7AF6228CF0E700C32002 /* Build configuration list for PBXNativeTarget "geniusTests" */;
			buildPhases = (
				016A7ADB228CF0E700C32002 /* Sources */,
				016A7ADC228CF0E700C32002 /* Frameworks */,
				016A7ADD228CF0E700C32002 /* Resources */,
			);
			buildRules = (
			);
			dependencies = (
				016A7AE1228CF0E700C32002 /* PBXTargetDependency */,
			);
			name = geniusTests;
			productName = geniusTests;
			productReference = 016A7ADF228CF0E700C32002 /* geniusTests.xctest */;
			productType = "com.apple.product-type.bundle.unit-test";
		};
		016A7AE9228CF0E700C32002 /* geniusUITests */ = {
			isa = PBXNativeTarget;
			buildConfigurationList = 016A7AF9228CF0E700C32002 /* Build configuration list for PBXNativeTarget "geniusUITests" */;
			buildPhases = (
				016A7AE6228CF0E700C32002 /* Sources */,
				016A7AE7228CF0E700C32002 /* Frameworks */,
				016A7AE8228CF0E700C32002 /* Resources */,
			);
			buildRules = (
			);
			dependencies = (
				016A7AEC228CF0E700C32002 /* PBXTargetDependency */,
			);
			name = geniusUITests;
			productName = geniusUITests;
			productReference = 016A7AEA228CF0E700C32002 /* geniusUITests.xctest */;
			productType = "com.apple.product-type.bundle.ui-testing";
		};
/* End PBXNativeTarget section */

/* Begin PBXProject section */
		016A7AC0228CF0DF00C32002 /* Project object */ = {
			isa = PBXProject;
			attributes = {
				LastSwiftUpdateCheck = 1020;
				LastUpgradeCheck = 1020;
				ORGANIZATIONNAME = nicksdev;
				TargetAttributes = {
					016A7AC7228CF0DF00C32002 = {
						CreatedOnToolsVersion = 10.2.1;
					};
					016A7ADE228CF0E700C32002 = {
						CreatedOnToolsVersion = 10.2.1;
						TestTargetID = 016A7AC7228CF0DF00C32002;
					};
					016A7AE9228CF0E700C32002 = {
						CreatedOnToolsVersion = 10.2.1;
						TestTargetID = 016A7AC7228CF0DF00C32002;
					};
				};
			};
			buildConfigurationList = 016A7AC3228CF0DF00C32002 /* Build configuration list for PBXProject "genius" */;
			compatibilityVersion = "Xcode 9.3";
			developmentRegion = en;
			hasScannedForEncodings = 0;
			knownRegions = (
				en,
				Base,
			);
			mainGroup = 016A7ABF228CF0DF00C32002;
			productRefGroup = 016A7AC9228CF0DF00C32002 /* Products */;
			projectDirPath = "";
			projectRoot = "";
			targets = (
				016A7AC7228CF0DF00C32002 /* genius */,
				016A7ADE228CF0E700C32002 /* geniusTests */,
				016A7AE9228CF0E700C32002 /* geniusUITests */,
			);
		};
/* End PBXProject section */

/* Begin PBXResourcesBuildPhase section */
		016A7AC6228CF0DF00C32002 /* Resources */ = {
			isa = PBXResourcesBuildPhase;
			buildActionMask = 2147483647;
			files = (
				016A7AD9228CF0E700C32002 /* LaunchScreen.storyboard in Resources */,
				016A7AD6228CF0E700C32002 /* Assets.xcassets in Resources */,
				016A7AD1228CF0DF00C32002 /* Main.storyboard in Resources */,
			);
			runOnlyForDeploymentPostprocessing = 0;
		};
		016A7ADD228CF0E700C32002 /* Resources */ = {
			isa = PBXResourcesBuildPhase;
			buildActionMask = 2147483647;
			files = (
			);
			runOnlyForDeploymentPostprocessing = 0;
		};
		016A7AE8228CF0E700C32002 /* Resources */ = {
			isa = PBXResourcesBuildPhase;
			buildActionMask = 2147483647;
			files = (
			);
			runOnlyForDeploymentPostprocessing = 0;
		};
/* End PBXResourcesBuildPhase section */

/* Begin PBXSourcesBuildPhase section */
		016A7AC4228CF0DF00C32002 /* Sources */ = {
			isa = PBXSourcesBuildPhase;
			buildActionMask = 2147483647;
			files = (
				016A7AD4228CF0DF00C32002 /* genius.xcdatamodeld in Sources */,
				016A7AFD228CF2F200C32002 /* requestViewController.swift in Sources */,
				016A7ACC228CF0DF00C32002 /* AppDelegate.swift in Sources */,
			);
			runOnlyForDeploymentPostprocessing = 0;
		};
		016A7ADB228CF0E700C32002 /* Sources */ = {
			isa = PBXSourcesBuildPhase;
			buildActionMask = 2147483647;
			files = (
				016A7AE4228CF0E700C32002 /* geniusTests.swift in Sources */,
			);
			runOnlyForDeploymentPostprocessing = 0;
		};
		016A7AE6228CF0E700C32002 /* Sources */ = {
			isa = PBXSourcesBuildPhase;
			buildActionMask = 2147483647;
			files = (
				016A7AEF228CF0E700C32002 /* geniusUITests.swift in Sources */,
			);
			runOnlyForDeploymentPostprocessing = 0;
		};
/* End PBXSourcesBuildPhase section */

/* Begin PBXTargetDependency section */
		016A7AE1228CF0E700C32002 /* PBXTargetDependency */ = {
			isa = PBXTargetDependency;
			target = 016A7AC7228CF0DF00C32002 /* genius */;
			targetProxy = 016A7AE0228CF0E700C32002 /* PBXContainerItemProxy */;
		};
		016A7AEC228CF0E700C32002 /* PBXTargetDependency */ = {
			isa = PBXTargetDependency;
			target = 016A7AC7228CF0DF00C32002 /* genius */;
			targetProxy = 016A7AEB228CF0E700C32002 /* PBXContainerItemProxy */;
		};
/* End PBXTargetDependency section */

/* Begin PBXVariantGroup section */
		016A7ACF228CF0DF00C32002 /* Main.storyboard */ = {
			isa = PBXVariantGroup;
			children = (
				016A7AD0228CF0DF00C32002 /* Base */,
			);
			name = Main.storyboard;
			sourceTree = "<group>";
		};
		016A7AD7228CF0E700C32002 /* LaunchScreen.storyboard */ = {
			isa = PBXVariantGroup;
			children = (
				016A7AD8228CF0E700C32002 /* Base */,
			);
			name = LaunchScreen.storyboard;
			sourceTree = "<group>";
		};
/* End PBXVariantGroup section */

/* Begin XCBuildConfiguration section */
		016A7AF1228CF0E700C32002 /* Debug */ = {
			isa = XCBuildConfiguration;
			buildSettings = {
				ALWAYS_SEARCH_USER_PATHS = NO;
				CLANG_ANALYZER_NONNULL = YES;
				CLANG_ANALYZER_NUMBER_OBJECT_CONVERSION = YES_AGGRESSIVE;
				CLANG_CXX_LANGUAGE_STANDARD = "gnu++14";
				CLANG_CXX_LIBRARY = "libc++";
				CLANG_ENABLE_MODULES = YES;
				CLANG_ENABLE_OBJC_ARC = YES;
				CLANG_ENABLE_OBJC_WEAK = YES;
				CLANG_WARN_BLOCK_CAPTURE_AUTORELEASING = YES;
				CLANG_WARN_BOOL_CONVERSION = YES;
				CLANG_WARN_COMMA = YES;
				CLANG_WARN_CONSTANT_CONVERSION = YES;
				CLANG_WARN_DEPRECATED_OBJC_IMPLEMENTATIONS = YES;
				CLANG_WARN_DIRECT_OBJC_ISA_USAGE = YES_ERROR;
				CLANG_WARN_DOCUMENTATION_COMMENTS = YES;
				CLANG_WARN_EMPTY_BODY = YES;
				CLANG_WARN_ENUM_CONVERSION = YES;
				CLANG_WARN_INFINITE_RECURSION = YES;
				CLANG_WARN_INT_CONVERSION = YES;
				CLANG_WARN_NON_LITERAL_NULL_CONVERSION = YES;
				CLANG_WARN_OBJC_IMPLICIT_RETAIN_SELF = YES;
				CLANG_WARN_OBJC_LITERAL_CONVERSION = YES;
				CLANG_WARN_OBJC_ROOT_CLASS = YES_ERROR;
				CLANG_WARN_RANGE_LOOP_ANALYSIS = YES;
				CLANG_WARN_STRICT_PROTOTYPES = YES;
				CLANG_WARN_SUSPICIOUS_MOVE = YES;
				CLANG_WARN_UNGUARDED_AVAILABILITY = YES_AGGRESSIVE;
				CLANG_WARN_UNREACHABLE_CODE = YES;
				CLANG_WARN__DUPLICATE_METHOD_MATCH = YES;
				CODE_SIGN_IDENTITY = "iPhone Developer";
				COPY_PHASE_STRIP = NO;
				DEBUG_INFORMATION_FORMAT = dwarf;
				ENABLE_STRICT_OBJC_MSGSEND = YES;
				ENABLE_TESTABILITY = YES;
				GCC_C_LANGUAGE_STANDARD = gnu11;
				GCC_DYNAMIC_NO_PIC = NO;
				GCC_NO_COMMON_BLOCKS = YES;
				GCC_OPTIMIZATION_LEVEL = 0;
				GCC_PREPROCESSOR_DEFINITIONS = (
					"DEBUG=1",
					"$(inherited)",
				);
				GCC_WARN_64_TO_32_BIT_CONVERSION = YES;
				GCC_WARN_ABOUT_RETURN_TYPE = YES_ERROR;
				GCC_WARN_UNDECLARED_SELECTOR = YES;
				GCC_WARN_UNINITIALIZED_AUTOS = YES_AGGRESSIVE;
				GCC_WARN_UNUSED_FUNCTION = YES;
				GCC_WARN_UNUSED_VARIABLE = YES;
				IPHONEOS_DEPLOYMENT_TARGET = 12.2;
				MTL_ENABLE_DEBUG_INFO = INCLUDE_SOURCE;
				MTL_FAST_MATH = YES;
				ONLY_ACTIVE_ARCH = YES;
				SDKROOT = iphoneos;
				SWIFT_ACTIVE_COMPILATION_CONDITIONS = DEBUG;
				SWIFT_OPTIMIZATION_LEVEL = "-Onone";
			};
			name = Debug;
		};
		016A7AF2228CF0E700C32002 /* Release */ = {
			isa = XCBuildConfiguration;
			buildSettings = {
				ALWAYS_SEARCH_USER_PATHS = NO;
				CLANG_ANALYZER_NONNULL = YES;
				CLANG_ANALYZER_NUMBER_OBJECT_CONVERSION = YES_AGGRESSIVE;
				CLANG_CXX_LANGUAGE_STANDARD = "gnu++14";
				CLANG_CXX_LIBRARY = "libc++";
				CLANG_ENABLE_MODULES = YES;
				CLANG_ENABLE_OBJC_ARC = YES;
				CLANG_ENABLE_OBJC_WEAK = YES;
				CLANG_WARN_BLOCK_CAPTURE_AUTORELEASING = YES;
				CLANG_WARN_BOOL_CONVERSION = YES;
				CLANG_WARN_COMMA = YES;
				CLANG_WARN_CONSTANT_CONVERSION = YES;
				CLANG_WARN_DEPRECATED_OBJC_IMPLEMENTATIONS = YES;
				CLANG_WARN_DIRECT_OBJC_ISA_USAGE = YES_ERROR;
				CLANG_WARN_DOCUMENTATION_COMMENTS = YES;
				CLANG_WARN_EMPTY_BODY = YES;
				CLANG_WARN_ENUM_CONVERSION = YES;
				CLANG_WARN_INFINITE_RECURSION = YES;
				CLANG_WARN_INT_CONVERSION = YES;
				CLANG_WARN_NON_LITERAL_NULL_CONVERSION = YES;
				CLANG_WARN_OBJC_IMPLICIT_RETAIN_SELF = YES;
				CLANG_WARN_OBJC_LITERAL_CONVERSION = YES;
				CLANG_WARN_OBJC_ROOT_CLASS = YES_ERROR;
				CLANG_WARN_RANGE_LOOP_ANALYSIS = YES;
				CLANG_WARN_STRICT_PROTOTYPES = YES;
				CLANG_WARN_SUSPICIOUS_MOVE = YES;
				CLANG_WARN_UNGUARDED_AVAILABILITY = YES_AGGRESSIVE;
				CLANG_WARN_UNREACHABLE_CODE = YES;
				CLANG_WARN__DUPLICATE_METHOD_MATCH = YES;
				CODE_SIGN_IDENTITY = "iPhone Developer";
				COPY_PHASE_STRIP = NO;
				DEBUG_INFORMATION_FORMAT = "dwarf-with-dsym";
				ENABLE_NS_ASSERTIONS = NO;
				ENABLE_STRICT_OBJC_MSGSEND = YES;
				GCC_C_LANGUAGE_STANDARD = gnu11;
				GCC_NO_COMMON_BLOCKS = YES;
				GCC_WARN_64_TO_32_BIT_CONVERSION = YES;
				GCC_WARN_ABOUT_RETURN_TYPE = YES_ERROR;
				GCC_WARN_UNDECLARED_SELECTOR = YES;
				GCC_WARN_UNINITIALIZED_AUTOS = YES_AGGRESSIVE;
				GCC_WARN_UNUSED_FUNCTION = YES;
				GCC_WARN_UNUSED_VARIABLE = YES;
				IPHONEOS_DEPLOYMENT_TARGET = 12.2;
				MTL_ENABLE_DEBUG_INFO = NO;
				MTL_FAST_MATH = YES;
				SDKROOT = iphoneos;
				SWIFT_COMPILATION_MODE = wholemodule;
				SWIFT_OPTIMIZATION_LEVEL = "-O";
				VALIDATE_PRODUCT = YES;
			};
			name = Release;
		};
		016A7AF4228CF0E700C32002 /* Debug */ = {
			isa = XCBuildConfiguration;
			buildSettings = {
				ASSETCATALOG_COMPILER_APPICON_NAME = AppIcon;
				CODE_SIGN_STYLE = Automatic;
				DEVELOPMENT_TEAM = UEXBA2T64X;
				INFOPLIST_FILE = genius/Info.plist;
				LD_RUNPATH_SEARCH_PATHS = (
					"$(inherited)",
					"@executable_path/Frameworks",
				);
				PRODUCT_BUNDLE_IDENTIFIER = com.nicksdev.genius;
				PRODUCT_NAME = "$(TARGET_NAME)";
				SWIFT_VERSION = 5.0;
				TARGETED_DEVICE_FAMILY = "1,2";
			};
			name = Debug;
		};
		016A7AF5228CF0E700C32002 /* Release */ = {
			isa = XCBuildConfiguration;
			buildSettings = {
				ASSETCATALOG_COMPILER_APPICON_NAME = AppIcon;
				CODE_SIGN_STYLE = Automatic;
				DEVELOPMENT_TEAM = UEXBA2T64X;
				INFOPLIST_FILE = genius/Info.plist;
				LD_RUNPATH_SEARCH_PATHS = (
					"$(inherited)",
					"@executable_path/Frameworks",
				);
				PRODUCT_BUNDLE_IDENTIFIER = com.nicksdev.genius;
				PRODUCT_NAME = "$(TARGET_NAME)";
				SWIFT_VERSION = 5.0;
				TARGETED_DEVICE_FAMILY = "1,2";
			};
			name = Release;
		};
		016A7AF7228CF0E700C32002 /* Debug */ = {
			isa = XCBuildConfiguration;
			buildSettings = {
				ALWAYS_EMBED_SWIFT_STANDARD_LIBRARIES = YES;
				BUNDLE_LOADER = "$(TEST_HOST)";
				CODE_SIGN_STYLE = Automatic;
				DEVELOPMENT_TEAM = UEXBA2T64X;
				INFOPLIST_FILE = geniusTests/Info.plist;
				LD_RUNPATH_SEARCH_PATHS = (
					"$(inherited)",
					"@executable_path/Frameworks",
					"@loader_path/Frameworks",
				);
				PRODUCT_BUNDLE_IDENTIFIER = com.nicksdev.geniusTests;
				PRODUCT_NAME = "$(TARGET_NAME)";
				SWIFT_VERSION = 5.0;
				TARGETED_DEVICE_FAMILY = "1,2";
				TEST_HOST = "$(BUILT_PRODUCTS_DIR)/genius.app/genius";
			};
			name = Debug;
		};
		016A7AF8228CF0E700C32002 /* Release */ = {
			isa = XCBuildConfiguration;
			buildSettings = {
				ALWAYS_EMBED_SWIFT_STANDARD_LIBRARIES = YES;
				BUNDLE_LOADER = "$(TEST_HOST)";
				CODE_SIGN_STYLE = Automatic;
				DEVELOPMENT_TEAM = UEXBA2T64X;
				INFOPLIST_FILE = geniusTests/Info.plist;
				LD_RUNPATH_SEARCH_PATHS = (
					"$(inherited)",
					"@executable_path/Frameworks",
					"@loader_path/Frameworks",
				);
				PRODUCT_BUNDLE_IDENTIFIER = com.nicksdev.geniusTests;
				PRODUCT_NAME = "$(TARGET_NAME)";
				SWIFT_VERSION = 5.0;
				TARGETED_DEVICE_FAMILY = "1,2";
				TEST_HOST = "$(BUILT_PRODUCTS_DIR)/genius.app/genius";
			};
			name = Release;
		};
		016A7AFA228CF0E700C32002 /* Debug */ = {
			isa = XCBuildConfiguration;
			buildSettings = {
				ALWAYS_EMBED_SWIFT_STANDARD_LIBRARIES = YES;
				CODE_SIGN_STYLE = Automatic;
				DEVELOPMENT_TEAM = UEXBA2T64X;
				INFOPLIST_FILE = geniusUITests/Info.plist;
				LD_RUNPATH_SEARCH_PATHS = (
					"$(inherited)",
					"@executable_path/Frameworks",
					"@loader_path/Frameworks",
				);
				PRODUCT_BUNDLE_IDENTIFIER = com.nicksdev.geniusUITests;
				PRODUCT_NAME = "$(TARGET_NAME)";
				SWIFT_VERSION = 5.0;
				TARGETED_DEVICE_FAMILY = "1,2";
				TEST_TARGET_NAME = genius;
			};
			name = Debug;
		};
		016A7AFB228CF0E700C32002 /* Release */ = {
			isa = XCBuildConfiguration;
			buildSettings = {
				ALWAYS_EMBED_SWIFT_STANDARD_LIBRARIES = YES;
				CODE_SIGN_STYLE = Automatic;
				DEVELOPMENT_TEAM = UEXBA2T64X;
				INFOPLIST_FILE = geniusUITests/Info.plist;
				LD_RUNPATH_SEARCH_PATHS = (
					"$(inherited)",
					"@executable_path/Frameworks",
					"@loader_path/Frameworks",
				);
				PRODUCT_BUNDLE_IDENTIFIER = com.nicksdev.geniusUITests;
				PRODUCT_NAME = "$(TARGET_NAME)";
				SWIFT_VERSION = 5.0;
				TARGETED_DEVICE_FAMILY = "1,2";
				TEST_TARGET_NAME = genius;
			};
			name = Release;
		};
/* End XCBuildConfiguration section */

/* Begin XCConfigurationList section */
		016A7AC3228CF0DF00C32002 /* Build configuration list for PBXProject "genius" */ = {
			isa = XCConfigurationList;
			buildConfigurations = (
				016A7AF1228CF0E700C32002 /* Debug */,
				016A7AF2228CF0E700C32002 /* Release */,
			);
			defaultConfigurationIsVisible = 0;
			defaultConfigurationName = Release;
		};
		016A7AF3228CF0E700C32002 /* Build configuration list for PBXNativeTarget "genius" */ = {
			isa = XCConfigurationList;
			buildConfigurations = (
				016A7AF4228CF0E700C32002 /* Debug */,
				016A7AF5228CF0E700C32002 /* Release */,
			);
			defaultConfigurationIsVisible = 0;
			defaultConfigurationName = Release;
		};
		016A7AF6228CF0E700C32002 /* Build configuration list for PBXNativeTarget "geniusTests" */ = {
			isa = XCConfigurationList;
			buildConfigurations = (
				016A7AF7228CF0E700C32002 /* Debug */,
				016A7AF8228CF0E700C32002 /* Release */,
			);
			defaultConfigurationIsVisible = 0;
			defaultConfigurationName = Release;
		};
		016A7AF9228CF0E700C32002 /* Build configuration list for PBXNativeTarget "geniusUITests" */ = {
			isa = XCConfigurationList;
			buildConfigurations = (
				016A7AFA228CF0E700C32002 /* Debug */,
				016A7AFB228CF0E700C32002 /* Release */,
			);
			defaultConfigurationIsVisible = 0;
			defaultConfigurationName = Release;
		};
/* End XCConfigurationList section */

/* Begin XCVersionGroup section */
		016A7AD2228CF0DF00C32002 /* genius.xcdatamodeld */ = {
			isa = XCVersionGroup;
			children = (
				016A7AD3228CF0DF00C32002 /* genius.xcdatamodel */,
			);
			currentVersion = 016A7AD3228CF0DF00C32002 /* genius.xcdatamodel */;
			path = genius.xcdatamodeld;
			sourceTree = "<group>";
			versionGroupType = wrapper.xcdatamodel;
		};
/* End XCVersionGroup section */
	};
	rootObject = 016A7AC0228CF0DF00C32002 /* Project object */;
}
